
Microsoft Visual Studio Solution File, Format Version 12.00
# Visual Studio Version 17
VisualStudioVersion = 17.3.32825.248
MinimumVisualStudioVersion = 10.0.40219.1
Project("{C4F4A2ED-00C3-404C-95DF-6150A8024BF2}") = "Harp.FastStepper", "Harp.FastStepper\Harp.FastStepper.csproj", "{D3F34631-3B9A-475A-B037-13537ACA9ED3}"
EndProject
Global
	GlobalSection(SolutionConfigurationPlatforms) = preSolution
		Debug|Any CPU = Debug|Any CPU
		Release|Any CPU = Release|Any CPU
	EndGlobalSection
	GlobalSection(ProjectConfigurationPlatforms) = postSolution
		{D3F34631-3B9A-475A-B037-13537ACA9ED3}.Debug|Any CPU.ActiveCfg = Debug|Any CPU
		{D3F34631-3B9A-475A-B037-13537ACA9ED3}.Debug|Any CPU.Build.0 = Debug|Any CPU
		{D3F34631-3B9A-475A-B037-13537ACA9ED3}.Release|Any CPU.ActiveCfg = Release|Any CPU
		{D3F34631-3B9A-475A-B037-13537ACA9ED3}.Release|Any CPU.Build.0 = Release|Any CPU
	EndGlobalSection
	GlobalSection(SolutionProperties) = preSolution
		HideSolutionNode = FALSE
	EndGlobalSection
	GlobalSection(ExtensibilityGlobals) = postSolution
		SolutionGuid = {531E71E6-1894-421A-AC49-DE2FB0668930}
	EndGlobalSection
EndGlobal
